// !$*UTF8*$!
{
	archiveVersion = 1;
	classes = {
	};
	objectVersion = 55;
	objects = {

/* Begin PBXBuildFile section */
		665D87387164118EF474B83B /* Pods_imdb.framework in Frameworks */ = {isa = PBXBuildFile; fileRef = 7C97A4574818BC05BCFB52E5 /* Pods_imdb.framework */; };
		EB6792B628E1F3C5007B2915 /* CodableHelper.swift in Sources */ = {isa = PBXBuildFile; fileRef = EB6792B528E1F3C5007B2915 /* CodableHelper.swift */; };
		EB6792BA28E1F73A007B2915 /* PokedexDTO.swift in Sources */ = {isa = PBXBuildFile; fileRef = EB6792B928E1F73A007B2915 /* PokedexDTO.swift */; };
		EB6792BC28E1F797007B2915 /* PokemonPokedexDTO.swift in Sources */ = {isa = PBXBuildFile; fileRef = EB6792BB28E1F797007B2915 /* PokemonPokedexDTO.swift */; };
		EB6792BE28E1F818007B2915 /* PokemonPokedexEntity.swift in Sources */ = {isa = PBXBuildFile; fileRef = EB6792BD28E1F818007B2915 /* PokemonPokedexEntity.swift */; };
		EB6792C128E1F890007B2915 /* GetPokedexUseCase.swift in Sources */ = {isa = PBXBuildFile; fileRef = EB6792C028E1F890007B2915 /* GetPokedexUseCase.swift */; };
		EB6792C328E1F8CF007B2915 /* PokedexService.swift in Sources */ = {isa = PBXBuildFile; fileRef = EB6792C228E1F8CF007B2915 /* PokedexService.swift */; };
		EB6792C628E1F8F7007B2915 /* PokedexRepository.swift in Sources */ = {isa = PBXBuildFile; fileRef = EB6792C528E1F8F7007B2915 /* PokedexRepository.swift */; };
		EB6792CA28E20237007B2915 /* PokedexPresenter.swift in Sources */ = {isa = PBXBuildFile; fileRef = EB6792C928E20237007B2915 /* PokedexPresenter.swift */; };
		EB6792CC28E209FB007B2915 /* PokedexView.swift in Sources */ = {isa = PBXBuildFile; fileRef = EB6792CB28E209FB007B2915 /* PokedexView.swift */; };
		EB8D4DA728D8D5F800420185 /* imdbApp.swift in Sources */ = {isa = PBXBuildFile; fileRef = EB8D4DA628D8D5F800420185 /* imdbApp.swift */; };
		EB8D4DA928D8D5F800420185 /* ContentView.swift in Sources */ = {isa = PBXBuildFile; fileRef = EB8D4DA828D8D5F800420185 /* ContentView.swift */; };
		EB8D4DAB28D8D5FE00420185 /* Assets.xcassets in Resources */ = {isa = PBXBuildFile; fileRef = EB8D4DAA28D8D5FE00420185 /* Assets.xcassets */; };
		EB8D4DAE28D8D5FE00420185 /* Preview Assets.xcassets in Resources */ = {isa = PBXBuildFile; fileRef = EB8D4DAD28D8D5FE00420185 /* Preview Assets.xcassets */; };
		EB8D4DB628D8D6FF00420185 /* AlamofireWrapper.swift in Sources */ = {isa = PBXBuildFile; fileRef = EB8D4DB528D8D6FF00420185 /* AlamofireWrapper.swift */; };
		EB8D4DBA28D8D7CF00420185 /* PokedexEntity.swift in Sources */ = {isa = PBXBuildFile; fileRef = EB8D4DB928D8D7CF00420185 /* PokedexEntity.swift */; };
/* End PBXBuildFile section */

/* Begin PBXFileReference section */
		7C97A4574818BC05BCFB52E5 /* Pods_imdb.framework */ = {isa = PBXFileReference; explicitFileType = wrapper.framework; includeInIndex = 0; path = Pods_imdb.framework; sourceTree = BUILT_PRODUCTS_DIR; };
		93B2A3065693DAD3ED49700B /* Pods-imdb.debug.xcconfig */ = {isa = PBXFileReference; includeInIndex = 1; lastKnownFileType = text.xcconfig; name = "Pods-imdb.debug.xcconfig"; path = "Target Support Files/Pods-imdb/Pods-imdb.debug.xcconfig"; sourceTree = "<group>"; };
		A518ED26213C3B1F11441049 /* Pods-imdb.release.xcconfig */ = {isa = PBXFileReference; includeInIndex = 1; lastKnownFileType = text.xcconfig; name = "Pods-imdb.release.xcconfig"; path = "Target Support Files/Pods-imdb/Pods-imdb.release.xcconfig"; sourceTree = "<group>"; };
		EB6792B528E1F3C5007B2915 /* CodableHelper.swift */ = {isa = PBXFileReference; lastKnownFileType = sourcecode.swift; path = CodableHelper.swift; sourceTree = "<group>"; };
		EB6792B928E1F73A007B2915 /* PokedexDTO.swift */ = {isa = PBXFileReference; lastKnownFileType = sourcecode.swift; path = PokedexDTO.swift; sourceTree = "<group>"; };
		EB6792BB28E1F797007B2915 /* PokemonPokedexDTO.swift */ = {isa = PBXFileReference; lastKnownFileType = sourcecode.swift; path = PokemonPokedexDTO.swift; sourceTree = "<group>"; };
		EB6792BD28E1F818007B2915 /* PokemonPokedexEntity.swift */ = {isa = PBXFileReference; lastKnownFileType = sourcecode.swift; path = PokemonPokedexEntity.swift; sourceTree = "<group>"; };
		EB6792C028E1F890007B2915 /* GetPokedexUseCase.swift */ = {isa = PBXFileReference; lastKnownFileType = sourcecode.swift; path = GetPokedexUseCase.swift; sourceTree = "<group>"; };
		EB6792C228E1F8CF007B2915 /* PokedexService.swift */ = {isa = PBXFileReference; lastKnownFileType = sourcecode.swift; path = PokedexService.swift; sourceTree = "<group>"; };
		EB6792C528E1F8F7007B2915 /* PokedexRepository.swift */ = {isa = PBXFileReference; lastKnownFileType = sourcecode.swift; path = PokedexRepository.swift; sourceTree = "<group>"; };
		EB6792C928E20237007B2915 /* PokedexPresenter.swift */ = {isa = PBXFileReference; lastKnownFileType = sourcecode.swift; path = PokedexPresenter.swift; sourceTree = "<group>"; };
		EB6792CB28E209FB007B2915 /* PokedexView.swift */ = {isa = PBXFileReference; lastKnownFileType = sourcecode.swift; path = PokedexView.swift; sourceTree = "<group>"; };
		EB8D4DA328D8D5F800420185 /* imdb.app */ = {isa = PBXFileReference; explicitFileType = wrapper.application; includeInIndex = 0; path = imdb.app; sourceTree = BUILT_PRODUCTS_DIR; };
		EB8D4DA628D8D5F800420185 /* imdbApp.swift */ = {isa = PBXFileReference; lastKnownFileType = sourcecode.swift; path = imdbApp.swift; sourceTree = "<group>"; };
		EB8D4DA828D8D5F800420185 /* ContentView.swift */ = {isa = PBXFileReference; lastKnownFileType = sourcecode.swift; path = ContentView.swift; sourceTree = "<group>"; };
		EB8D4DAA28D8D5FE00420185 /* Assets.xcassets */ = {isa = PBXFileReference; lastKnownFileType = folder.assetcatalog; path = Assets.xcassets; sourceTree = "<group>"; };
		EB8D4DAD28D8D5FE00420185 /* Preview Assets.xcassets */ = {isa = PBXFileReference; lastKnownFileType = folder.assetcatalog; path = "Preview Assets.xcassets"; sourceTree = "<group>"; };
		EB8D4DB528D8D6FF00420185 /* AlamofireWrapper.swift */ = {isa = PBXFileReference; lastKnownFileType = sourcecode.swift; path = AlamofireWrapper.swift; sourceTree = "<group>"; };
		EB8D4DB928D8D7CF00420185 /* PokedexEntity.swift */ = {isa = PBXFileReference; lastKnownFileType = sourcecode.swift; path = PokedexEntity.swift; sourceTree = "<group>"; };
/* End PBXFileReference section */

/* Begin PBXFrameworksBuildPhase section */
		EB8D4DA028D8D5F800420185 /* Frameworks */ = {
			isa = PBXFrameworksBuildPhase;
			buildActionMask = 2147483647;
			files = (
				665D87387164118EF474B83B /* Pods_imdb.framework in Frameworks */,
			);
			runOnlyForDeploymentPostprocessing = 0;
		};
/* End PBXFrameworksBuildPhase section */

/* Begin PBXGroup section */
		31F4A8D7A488192922AA32F0 /* Frameworks */ = {
			isa = PBXGroup;
			children = (
				7C97A4574818BC05BCFB52E5 /* Pods_imdb.framework */,
			);
			name = Frameworks;
			sourceTree = "<group>";
		};
		6D0316029A791C4CB9E6BAAF /* Pods */ = {
			isa = PBXGroup;
			children = (
				93B2A3065693DAD3ED49700B /* Pods-imdb.debug.xcconfig */,
				A518ED26213C3B1F11441049 /* Pods-imdb.release.xcconfig */,
			);
			path = Pods;
			sourceTree = "<group>";
		};
		EB6792B728E1F70D007B2915 /* Service */ = {
			isa = PBXGroup;
			children = (
				EB8D4DB528D8D6FF00420185 /* AlamofireWrapper.swift */,
				EB6792B528E1F3C5007B2915 /* CodableHelper.swift */,
				EB6792C228E1F8CF007B2915 /* PokedexService.swift */,
			);
			path = Service;
			sourceTree = "<group>";
		};
		EB6792B828E1F718007B2915 /* DTO */ = {
			isa = PBXGroup;
			children = (
				EB6792B928E1F73A007B2915 /* PokedexDTO.swift */,
				EB6792BB28E1F797007B2915 /* PokemonPokedexDTO.swift */,
			);
			path = DTO;
			sourceTree = "<group>";
		};
		EB6792BF28E1F87C007B2915 /* UseCase */ = {
			isa = PBXGroup;
			children = (
				EB6792C028E1F890007B2915 /* GetPokedexUseCase.swift */,
			);
			path = UseCase;
			sourceTree = "<group>";
		};
		EB6792C428E1F8EA007B2915 /* Repository */ = {
			isa = PBXGroup;
			children = (
				EB6792C528E1F8F7007B2915 /* PokedexRepository.swift */,
			);
			path = Repository;
			sourceTree = "<group>";
		};
		EB6792C728E2020B007B2915 /* View */ = {
			isa = PBXGroup;
			children = (
				EB6792C828E20211007B2915 /* PokedexView */,
			);
			path = View;
			sourceTree = "<group>";
		};
		EB6792C828E20211007B2915 /* PokedexView */ = {
			isa = PBXGroup;
			children = (
				EB6792C928E20237007B2915 /* PokedexPresenter.swift */,
				EB6792CB28E209FB007B2915 /* PokedexView.swift */,
			);
			path = PokedexView;
			sourceTree = "<group>";
		};
		EB8D4D9A28D8D5F800420185 = {
			isa = PBXGroup;
			children = (
				EB8D4DA528D8D5F800420185 /* imdb */,
				EB8D4DA428D8D5F800420185 /* Products */,
				6D0316029A791C4CB9E6BAAF /* Pods */,
				31F4A8D7A488192922AA32F0 /* Frameworks */,
			);
			sourceTree = "<group>";
		};
		EB8D4DA428D8D5F800420185 /* Products */ = {
			isa = PBXGroup;
			children = (
				EB8D4DA328D8D5F800420185 /* imdb.app */,
			);
			name = Products;
			sourceTree = "<group>";
		};
		EB8D4DA528D8D5F800420185 /* imdb */ = {
			isa = PBXGroup;
			children = (
				EB6792C728E2020B007B2915 /* View */,
				EB8D4DB728D8D7B400420185 /* Domain */,
				EB8D4DB428D8D6E900420185 /* Data */,
				EB8D4DA628D8D5F800420185 /* imdbApp.swift */,
				EB8D4DA828D8D5F800420185 /* ContentView.swift */,
				EB8D4DAA28D8D5FE00420185 /* Assets.xcassets */,
				EB8D4DAC28D8D5FE00420185 /* Preview Content */,
			);
			path = imdb;
			sourceTree = "<group>";
		};
		EB8D4DAC28D8D5FE00420185 /* Preview Content */ = {
			isa = PBXGroup;
			children = (
				EB8D4DAD28D8D5FE00420185 /* Preview Assets.xcassets */,
			);
			path = "Preview Content";
			sourceTree = "<group>";
		};
		EB8D4DB428D8D6E900420185 /* Data */ = {
			isa = PBXGroup;
			children = (
				EB6792B828E1F718007B2915 /* DTO */,
				EB6792B728E1F70D007B2915 /* Service */,
			);
			path = Data;
			sourceTree = "<group>";
		};
		EB8D4DB728D8D7B400420185 /* Domain */ = {
			isa = PBXGroup;
			children = (
				EB6792C428E1F8EA007B2915 /* Repository */,
				EB6792BF28E1F87C007B2915 /* UseCase */,
				EB8D4DB828D8D7BA00420185 /* Model */,
			);
			path = Domain;
			sourceTree = "<group>";
		};
		EB8D4DB828D8D7BA00420185 /* Model */ = {
			isa = PBXGroup;
			children = (
				EB8D4DB928D8D7CF00420185 /* PokedexEntity.swift */,
				EB6792BD28E1F818007B2915 /* PokemonPokedexEntity.swift */,
			);
			path = Model;
			sourceTree = "<group>";
		};
/* End PBXGroup section */

/* Begin PBXNativeTarget section */
		EB8D4DA228D8D5F800420185 /* imdb */ = {
			isa = PBXNativeTarget;
			buildConfigurationList = EB8D4DB128D8D5FE00420185 /* Build configuration list for PBXNativeTarget "imdb" */;
			buildPhases = (
				B118378F2E1CFFB4500475E3 /* [CP] Check Pods Manifest.lock */,
				EB8D4D9F28D8D5F800420185 /* Sources */,
				EB8D4DA028D8D5F800420185 /* Frameworks */,
				EB8D4DA128D8D5F800420185 /* Resources */,
				C856425077AE1E7AF7B40D38 /* [CP] Embed Pods Frameworks */,
			);
			buildRules = (
			);
			dependencies = (
			);
			name = imdb;
			productName = imdb;
			productReference = EB8D4DA328D8D5F800420185 /* imdb.app */;
			productType = "com.apple.product-type.application";
		};
/* End PBXNativeTarget section */

/* Begin PBXProject section */
		EB8D4D9B28D8D5F800420185 /* Project object */ = {
			isa = PBXProject;
			attributes = {
				BuildIndependentTargetsInParallel = 1;
				LastSwiftUpdateCheck = 1340;
				LastUpgradeCheck = 1340;
				TargetAttributes = {
					EB8D4DA228D8D5F800420185 = {
						CreatedOnToolsVersion = 13.4.1;
					};
				};
			};
			buildConfigurationList = EB8D4D9E28D8D5F800420185 /* Build configuration list for PBXProject "imdb" */;
			compatibilityVersion = "Xcode 13.0";
			developmentRegion = en;
			hasScannedForEncodings = 0;
			knownRegions = (
				en,
				Base,
			);
			mainGroup = EB8D4D9A28D8D5F800420185;
			productRefGroup = EB8D4DA428D8D5F800420185 /* Products */;
			projectDirPath = "";
			projectRoot = "";
			targets = (
				EB8D4DA228D8D5F800420185 /* imdb */,
			);
		};
/* End PBXProject section */

/* Begin PBXResourcesBuildPhase section */
		EB8D4DA128D8D5F800420185 /* Resources */ = {
			isa = PBXResourcesBuildPhase;
			buildActionMask = 2147483647;
			files = (
				EB8D4DAE28D8D5FE00420185 /* Preview Assets.xcassets in Resources */,
				EB8D4DAB28D8D5FE00420185 /* Assets.xcassets in Resources */,
			);
			runOnlyForDeploymentPostprocessing = 0;
		};
/* End PBXResourcesBuildPhase section */

/* Begin PBXShellScriptBuildPhase section */
		B118378F2E1CFFB4500475E3 /* [CP] Check Pods Manifest.lock */ = {
			isa = PBXShellScriptBuildPhase;
			buildActionMask = 2147483647;
			files = (
			);
			inputFileListPaths = (
			);
			inputPaths = (
				"${PODS_PODFILE_DIR_PATH}/Podfile.lock",
				"${PODS_ROOT}/Manifest.lock",
			);
			name = "[CP] Check Pods Manifest.lock";
			outputFileListPaths = (
			);
			outputPaths = (
				"$(DERIVED_FILE_DIR)/Pods-imdb-checkManifestLockResult.txt",
			);
			runOnlyForDeploymentPostprocessing = 0;
			shellPath = /bin/sh;
			shellScript = "diff \"${PODS_PODFILE_DIR_PATH}/Podfile.lock\" \"${PODS_ROOT}/Manifest.lock\" > /dev/null\nif [ $? != 0 ] ; then\n    # print error to STDERR\n    echo \"error: The sandbox is not in sync with the Podfile.lock. Run 'pod install' or update your CocoaPods installation.\" >&2\n    exit 1\nfi\n# This output is used by Xcode 'outputs' to avoid re-running this script phase.\necho \"SUCCESS\" > \"${SCRIPT_OUTPUT_FILE_0}\"\n";
			showEnvVarsInLog = 0;
		};
		C856425077AE1E7AF7B40D38 /* [CP] Embed Pods Frameworks */ = {
			isa = PBXShellScriptBuildPhase;
			buildActionMask = 2147483647;
			files = (
			);
			inputFileListPaths = (
				"${PODS_ROOT}/Target Support Files/Pods-imdb/Pods-imdb-frameworks-${CONFIGURATION}-input-files.xcfilelist",
			);
			name = "[CP] Embed Pods Frameworks";
			outputFileListPaths = (
				"${PODS_ROOT}/Target Support Files/Pods-imdb/Pods-imdb-frameworks-${CONFIGURATION}-output-files.xcfilelist",
			);
			runOnlyForDeploymentPostprocessing = 0;
			shellPath = /bin/sh;
			shellScript = "\"${PODS_ROOT}/Target Support Files/Pods-imdb/Pods-imdb-frameworks.sh\"\n";
			showEnvVarsInLog = 0;
		};
/* End PBXShellScriptBuildPhase section */

/* Begin PBXSourcesBuildPhase section */
		EB8D4D9F28D8D5F800420185 /* Sources */ = {
			isa = PBXSourcesBuildPhase;
			buildActionMask = 2147483647;
			files = (
				EB8D4DA928D8D5F800420185 /* ContentView.swift in Sources */,
				EB6792BC28E1F797007B2915 /* PokemonPokedexDTO.swift in Sources */,
				EB8D4DBA28D8D7CF00420185 /* PokedexEntity.swift in Sources */,
				EB6792C628E1F8F7007B2915 /* PokedexRepository.swift in Sources */,
				EB6792C128E1F890007B2915 /* GetPokedexUseCase.swift in Sources */,
				EB6792CC28E209FB007B2915 /* PokedexView.swift in Sources */,
				EB6792BE28E1F818007B2915 /* PokemonPokedexEntity.swift in Sources */,
				EB8D4DA728D8D5F800420185 /* imdbApp.swift in Sources */,
				EB6792B628E1F3C5007B2915 /* CodableHelper.swift in Sources */,
				EB6792BA28E1F73A007B2915 /* PokedexDTO.swift in Sources */,
				EB6792CA28E20237007B2915 /* PokedexPresenter.swift in Sources */,
				EB6792C328E1F8CF007B2915 /* PokedexService.swift in Sources */,
				EB8D4DB628D8D6FF00420185 /* AlamofireWrapper.swift in Sources */,
			);
			runOnlyForDeploymentPostprocessing = 0;
		};
/* End PBXSourcesBuildPhase section */

/* Begin XCBuildConfiguration section */
		EB8D4DAF28D8D5FE00420185 /* Debug */ = {
			isa = XCBuildConfiguration;
			buildSettings = {
				ALWAYS_SEARCH_USER_PATHS = NO;
				CLANG_ANALYZER_NONNULL = YES;
				CLANG_ANALYZER_NUMBER_OBJECT_CONVERSION = YES_AGGRESSIVE;
				CLANG_CXX_LANGUAGE_STANDARD = "gnu++17";
				CLANG_ENABLE_MODULES = YES;
				CLANG_ENABLE_OBJC_ARC = YES;
				CLANG_ENABLE_OBJC_WEAK = YES;
				CLANG_WARN_BLOCK_CAPTURE_AUTORELEASING = YES;
				CLANG_WARN_BOOL_CONVERSION = YES;
				CLANG_WARN_COMMA = YES;
				CLANG_WARN_CONSTANT_CONVERSION = YES;
				CLANG_WARN_DEPRECATED_OBJC_IMPLEMENTATIONS = YES;
				CLANG_WARN_DIRECT_OBJC_ISA_USAGE = YES_ERROR;
				CLANG_WARN_DOCUMENTATION_COMMENTS = YES;
				CLANG_WARN_EMPTY_BODY = YES;
				CLANG_WARN_ENUM_CONVERSION = YES;
				CLANG_WARN_INFINITE_RECURSION = YES;
				CLANG_WARN_INT_CONVERSION = YES;
				CLANG_WARN_NON_LITERAL_NULL_CONVERSION = YES;
				CLANG_WARN_OBJC_IMPLICIT_RETAIN_SELF = YES;
				CLANG_WARN_OBJC_LITERAL_CONVERSION = YES;
				CLANG_WARN_OBJC_ROOT_CLASS = YES_ERROR;
				CLANG_WARN_QUOTED_INCLUDE_IN_FRAMEWORK_HEADER = YES;
				CLANG_WARN_RANGE_LOOP_ANALYSIS = YES;
				CLANG_WARN_STRICT_PROTOTYPES = YES;
				CLANG_WARN_SUSPICIOUS_MOVE = YES;
				CLANG_WARN_UNGUARDED_AVAILABILITY = YES_AGGRESSIVE;
				CLANG_WARN_UNREACHABLE_CODE = YES;
				CLANG_WARN__DUPLICATE_METHOD_MATCH = YES;
				COPY_PHASE_STRIP = NO;
				DEBUG_INFORMATION_FORMAT = dwarf;
				ENABLE_STRICT_OBJC_MSGSEND = YES;
				ENABLE_TESTABILITY = YES;
				GCC_C_LANGUAGE_STANDARD = gnu11;
				GCC_DYNAMIC_NO_PIC = NO;
				GCC_NO_COMMON_BLOCKS = YES;
				GCC_OPTIMIZATION_LEVEL = 0;
				GCC_PREPROCESSOR_DEFINITIONS = (
					"DEBUG=1",
					"$(inherited)",
				);
				GCC_WARN_64_TO_32_BIT_CONVERSION = YES;
				GCC_WARN_ABOUT_RETURN_TYPE = YES_ERROR;
				GCC_WARN_UNDECLARED_SELECTOR = YES;
				GCC_WARN_UNINITIALIZED_AUTOS = YES_AGGRESSIVE;
				GCC_WARN_UNUSED_FUNCTION = YES;
				GCC_WARN_UNUSED_VARIABLE = YES;
				IPHONEOS_DEPLOYMENT_TARGET = 14.0;
				MTL_ENABLE_DEBUG_INFO = INCLUDE_SOURCE;
				MTL_FAST_MATH = YES;
				ONLY_ACTIVE_ARCH = YES;
				SDKROOT = iphoneos;
				SWIFT_ACTIVE_COMPILATION_CONDITIONS = DEBUG;
				SWIFT_OPTIMIZATION_LEVEL = "-Onone";
			};
			name = Debug;
		};
		EB8D4DB028D8D5FE00420185 /* Release */ = {
			isa = XCBuildConfiguration;
			buildSettings = {
				ALWAYS_SEARCH_USER_PATHS = NO;
				CLANG_ANALYZER_NONNULL = YES;
				CLANG_ANALYZER_NUMBER_OBJECT_CONVERSION = YES_AGGRESSIVE;
				CLANG_CXX_LANGUAGE_STANDARD = "gnu++17";
				CLANG_ENABLE_MODULES = YES;
				CLANG_ENABLE_OBJC_ARC = YES;
				CLANG_ENABLE_OBJC_WEAK = YES;
				CLANG_WARN_BLOCK_CAPTURE_AUTORELEASING = YES;
				CLANG_WARN_BOOL_CONVERSION = YES;
				CLANG_WARN_COMMA = YES;
				CLANG_WARN_CONSTANT_CONVERSION = YES;
				CLANG_WARN_DEPRECATED_OBJC_IMPLEMENTATIONS = YES;
				CLANG_WARN_DIRECT_OBJC_ISA_USAGE = YES_ERROR;
				CLANG_WARN_DOCUMENTATION_COMMENTS = YES;
				CLANG_WARN_EMPTY_BODY = YES;
				CLANG_WARN_ENUM_CONVERSION = YES;
				CLANG_WARN_INFINITE_RECURSION = YES;
				CLANG_WARN_INT_CONVERSION = YES;
				CLANG_WARN_NON_LITERAL_NULL_CONVERSION = YES;
				CLANG_WARN_OBJC_IMPLICIT_RETAIN_SELF = YES;
				CLANG_WARN_OBJC_LITERAL_CONVERSION = YES;
				CLANG_WARN_OBJC_ROOT_CLASS = YES_ERROR;
				CLANG_WARN_QUOTED_INCLUDE_IN_FRAMEWORK_HEADER = YES;
				CLANG_WARN_RANGE_LOOP_ANALYSIS = YES;
				CLANG_WARN_STRICT_PROTOTYPES = YES;
				CLANG_WARN_SUSPICIOUS_MOVE = YES;
				CLANG_WARN_UNGUARDED_AVAILABILITY = YES_AGGRESSIVE;
				CLANG_WARN_UNREACHABLE_CODE = YES;
				CLANG_WARN__DUPLICATE_METHOD_MATCH = YES;
				COPY_PHASE_STRIP = NO;
				DEBUG_INFORMATION_FORMAT = "dwarf-with-dsym";
				ENABLE_NS_ASSERTIONS = NO;
				ENABLE_STRICT_OBJC_MSGSEND = YES;
				GCC_C_LANGUAGE_STANDARD = gnu11;
				GCC_NO_COMMON_BLOCKS = YES;
				GCC_WARN_64_TO_32_BIT_CONVERSION = YES;
				GCC_WARN_ABOUT_RETURN_TYPE = YES_ERROR;
				GCC_WARN_UNDECLARED_SELECTOR = YES;
				GCC_WARN_UNINITIALIZED_AUTOS = YES_AGGRESSIVE;
				GCC_WARN_UNUSED_FUNCTION = YES;
				GCC_WARN_UNUSED_VARIABLE = YES;
				IPHONEOS_DEPLOYMENT_TARGET = 14.0;
				MTL_ENABLE_DEBUG_INFO = NO;
				MTL_FAST_MATH = YES;
				SDKROOT = iphoneos;
				SWIFT_COMPILATION_MODE = wholemodule;
				SWIFT_OPTIMIZATION_LEVEL = "-O";
				VALIDATE_PRODUCT = YES;
			};
			name = Release;
		};
		EB8D4DB228D8D5FE00420185 /* Debug */ = {
			isa = XCBuildConfiguration;
			baseConfigurationReference = 93B2A3065693DAD3ED49700B /* Pods-imdb.debug.xcconfig */;
			buildSettings = {
				ASSETCATALOG_COMPILER_APPICON_NAME = AppIcon;
				ASSETCATALOG_COMPILER_GLOBAL_ACCENT_COLOR_NAME = AccentColor;
				CODE_SIGN_STYLE = Automatic;
				CURRENT_PROJECT_VERSION = 1;
				DEVELOPMENT_ASSET_PATHS = "\"imdb/Preview Content\"";
				DEVELOPMENT_TEAM = 57K8FZD3QL;
				ENABLE_PREVIEWS = YES;
				GENERATE_INFOPLIST_FILE = YES;
				INFOPLIST_KEY_UIApplicationSceneManifest_Generation = YES;
				INFOPLIST_KEY_UIApplicationSupportsIndirectInputEvents = YES;
				INFOPLIST_KEY_UILaunchScreen_Generation = YES;
				INFOPLIST_KEY_UISupportedInterfaceOrientations_iPad = "UIInterfaceOrientationPortrait UIInterfaceOrientationPortraitUpsideDown UIInterfaceOrientationLandscapeLeft UIInterfaceOrientationLandscapeRight";
				INFOPLIST_KEY_UISupportedInterfaceOrientations_iPhone = "UIInterfaceOrientationPortrait UIInterfaceOrientationLandscapeLeft UIInterfaceOrientationLandscapeRight";
				LD_RUNPATH_SEARCH_PATHS = (
					"$(inherited)",
					"@executable_path/Frameworks",
				);
				MARKETING_VERSION = 1.0;
				PRODUCT_BUNDLE_IDENTIFIER = afernandezbaillo.imdb;
				PRODUCT_NAME = "$(TARGET_NAME)";
				SWIFT_EMIT_LOC_STRINGS = YES;
				SWIFT_VERSION = 5.0;
				TARGETED_DEVICE_FAMILY = "1,2";
			};
			name = Debug;
		};
		EB8D4DB328D8D5FE00420185 /* Release */ = {
			isa = XCBuildConfiguration;
			baseConfigurationReference = A518ED26213C3B1F11441049 /* Pods-imdb.release.xcconfig */;
			buildSettings = {
				ASSETCATALOG_COMPILER_APPICON_NAME = AppIcon;
				ASSETCATALOG_COMPILER_GLOBAL_ACCENT_COLOR_NAME = AccentColor;
				CODE_SIGN_STYLE = Automatic;
				CURRENT_PROJECT_VERSION = 1;
				DEVELOPMENT_ASSET_PATHS = "\"imdb/Preview Content\"";
				DEVELOPMENT_TEAM = 57K8FZD3QL;
				ENABLE_PREVIEWS = YES;
				GENERATE_INFOPLIST_FILE = YES;
				INFOPLIST_KEY_UIApplicationSceneManifest_Generation = YES;
				INFOPLIST_KEY_UIApplicationSupportsIndirectInputEvents = YES;
				INFOPLIST_KEY_UILaunchScreen_Generation = YES;
				INFOPLIST_KEY_UISupportedInterfaceOrientations_iPad = "UIInterfaceOrientationPortrait UIInterfaceOrientationPortraitUpsideDown UIInterfaceOrientationLandscapeLeft UIInterfaceOrientationLandscapeRight";
				INFOPLIST_KEY_UISupportedInterfaceOrientations_iPhone = "UIInterfaceOrientationPortrait UIInterfaceOrientationLandscapeLeft UIInterfaceOrientationLandscapeRight";
				LD_RUNPATH_SEARCH_PATHS = (
					"$(inherited)",
					"@executable_path/Frameworks",
				);
				MARKETING_VERSION = 1.0;
				PRODUCT_BUNDLE_IDENTIFIER = afernandezbaillo.imdb;
				PRODUCT_NAME = "$(TARGET_NAME)";
				SWIFT_EMIT_LOC_STRINGS = YES;
				SWIFT_VERSION = 5.0;
				TARGETED_DEVICE_FAMILY = "1,2";
			};
			name = Release;
		};
/* End XCBuildConfiguration section */

/* Begin XCConfigurationList section */
		EB8D4D9E28D8D5F800420185 /* Build configuration list for PBXProject "imdb" */ = {
			isa = XCConfigurationList;
			buildConfigurations = (
				EB8D4DAF28D8D5FE00420185 /* Debug */,
				EB8D4DB028D8D5FE00420185 /* Release */,
			);
			defaultConfigurationIsVisible = 0;
			defaultConfigurationName = Release;
		};
		EB8D4DB128D8D5FE00420185 /* Build configuration list for PBXNativeTarget "imdb" */ = {
			isa = XCConfigurationList;
			buildConfigurations = (
				EB8D4DB228D8D5FE00420185 /* Debug */,
				EB8D4DB328D8D5FE00420185 /* Release */,
			);
			defaultConfigurationIsVisible = 0;
			defaultConfigurationName = Release;
		};
/* End XCConfigurationList section */
	};
	rootObject = EB8D4D9B28D8D5F800420185 /* Project object */;
}
