PODS:
  - Alamofire (5.5.0)
  - RxSwift (6.5.0)

DEPENDENCIES:
  - Alamofire (~> 5.5.0)
  - RxSwift (= 6.5.0)

SPEC REPOS:
  trunk:
    - Alamofire
    - RxSwift

SPEC CHECKSUMS:
  Alamofire: 1c4fb5369c3fe93d2857c780d8bbe09f06f97e7c
  RxSwift: 5710a9e6b17f3c3d6e40d6e559b9fa1e813b2ef8

PODFILE CHECKSUM: 1c6b1f0044ecca25ebac748a04257436d885c0a5

COCOAPODS: 1.11.3
